// !$*UTF8*$!
{
	archiveVersion = 1;
	classes = {
	};
	objectVersion = 46;
	objects = {

/* Begin PBXBuildFile section */
		5F056573161CAFC80020D051 /* Default-568h@2x.png in Resources */ = {isa = PBXBuildFile; fileRef = 5F056572161CAFC80020D051 /* Default-568h@2x.png */; };
		5F17A52A16136D6B002D2EF7 /* save.png in Resources */ = {isa = PBXBuildFile; fileRef = 5F17A52816136D6B002D2EF7 /* save.png */; };
		5F17A52B16136D6B002D2EF7 /* save@2x.png in Resources */ = {isa = PBXBuildFile; fileRef = 5F17A52916136D6B002D2EF7 /* save@2x.png */; };
		5F7EECAF1608E82C009C838E /* settings_bottomcell(no_top).png in Resources */ = {isa = PBXBuildFile; fileRef = 5F7EECAC1608E82C009C838E /* settings_bottomcell(no_top).png */; };
		5F7EECB01608E82C009C838E /* settings_midtable(all_sides).png in Resources */ = {isa = PBXBuildFile; fileRef = 5F7EECAD1608E82C009C838E /* settings_midtable(all_sides).png */; };
		5F7EECB11608E82C009C838E /* settings_topcell(no_bottom).png in Resources */ = {isa = PBXBuildFile; fileRef = 5F7EECAE1608E82C009C838E /* settings_topcell(no_bottom).png */; };
		5F91A4AB14B26E8D00E37C78 /* OutputsViewController.m in Sources */ = {isa = PBXBuildFile; fileRef = 5F91A4A914B26E8D00E37C78 /* OutputsViewController.m */; };
		5F91A4AC14B26E8D00E37C78 /* OutputsViewController.xib in Resources */ = {isa = PBXBuildFile; fileRef = 5F91A4AA14B26E8D00E37C78 /* OutputsViewController.xib */; };
		5F93944C148D73D100707D33 /* selectionView.m in Sources */ = {isa = PBXBuildFile; fileRef = 5F93944B148D73D100707D33 /* selectionView.m */; };
		5FAA20E615F7961F004FA4C1 /* Outputs_btn.png in Resources */ = {isa = PBXBuildFile; fileRef = 5FAA20DC15F7961F004FA4C1 /* Outputs_btn.png */; };
		5FAA20E715F7961F004FA4C1 /* Outputs_btn@2x.png in Resources */ = {isa = PBXBuildFile; fileRef = 5FAA20DD15F7961F004FA4C1 /* Outputs_btn@2x.png */; };
		5FAA20E815F7961F004FA4C1 /* settings_button.png in Resources */ = {isa = PBXBuildFile; fileRef = 5FAA20DE15F7961F004FA4C1 /* settings_button.png */; };
		5FAA20E915F7961F004FA4C1 /* settings_button@2x.png in Resources */ = {isa = PBXBuildFile; fileRef = 5FAA20DF15F7961F004FA4C1 /* settings_button@2x.png */; };
		5FAA20F015F7BED9004FA4C1 /* 0001_lock_btn.png in Resources */ = {isa = PBXBuildFile; fileRef = 5FAA20EC15F7BED9004FA4C1 /* 0001_lock_btn.png */; };
		5FAA20F115F7BED9004FA4C1 /* 0001_lock_btn@2x.png in Resources */ = {isa = PBXBuildFile; fileRef = 5FAA20ED15F7BED9004FA4C1 /* 0001_lock_btn@2x.png */; };
		5FAA20F215F7BED9004FA4C1 /* unlock_btn.png in Resources */ = {isa = PBXBuildFile; fileRef = 5FAA20EE15F7BED9004FA4C1 /* unlock_btn.png */; };
		5FAA20F315F7BED9004FA4C1 /* unlock_btn@2x.png in Resources */ = {isa = PBXBuildFile; fileRef = 5FAA20EF15F7BED9004FA4C1 /* unlock_btn@2x.png */; };
		5FAA210115F7D05A004FA4C1 /* output_bottom_table_cell(no_top).png in Resources */ = {isa = PBXBuildFile; fileRef = 5FAA20FC15F7D05A004FA4C1 /* output_bottom_table_cell(no_top).png */; };
		5FAA210215F7D05A004FA4C1 /* output_middle_table_cell(all-stroked).png in Resources */ = {isa = PBXBuildFile; fileRef = 5FAA20FD15F7D05A004FA4C1 /* output_middle_table_cell(all-stroked).png */; };
		5FAA210315F7D05A004FA4C1 /* output_middle_table_cell(no_bottom).png in Resources */ = {isa = PBXBuildFile; fileRef = 5FAA20FE15F7D05A004FA4C1 /* output_middle_table_cell(no_bottom).png */; };
		5FAA210415F7D05A004FA4C1 /* output_middle_table_cell(no_top).png in Resources */ = {isa = PBXBuildFile; fileRef = 5FAA20FF15F7D05A004FA4C1 /* output_middle_table_cell(no_top).png */; };
		5FAA210515F7D05A004FA4C1 /* output_top_table_cell(nobottom).png in Resources */ = {isa = PBXBuildFile; fileRef = 5FAA210015F7D05A004FA4C1 /* output_top_table_cell(nobottom).png */; };
		5FAA210B15F7D544004FA4C1 /* output_bottom_table_cell(no_top)@2x.png in Resources */ = {isa = PBXBuildFile; fileRef = 5FAA210615F7D544004FA4C1 /* output_bottom_table_cell(no_top)@2x.png */; };
		5FAA210C15F7D544004FA4C1 /* output_middle_table_cell(all-stroked)@2x.png in Resources */ = {isa = PBXBuildFile; fileRef = 5FAA210715F7D544004FA4C1 /* output_middle_table_cell(all-stroked)@2x.png */; };
		5FAA210D15F7D544004FA4C1 /* output_middle_table_cell(no_bottom)@2x.png in Resources */ = {isa = PBXBuildFile; fileRef = 5FAA210815F7D544004FA4C1 /* output_middle_table_cell(no_bottom)@2x.png */; };
		5FAA210E15F7D544004FA4C1 /* output_middle_table_cell(no_top)@2x.png in Resources */ = {isa = PBXBuildFile; fileRef = 5FAA210915F7D544004FA4C1 /* output_middle_table_cell(no_top)@2x.png */; };
		5FAA210F15F7D544004FA4C1 /* output_top_table_cell(nobottom)@2x.png in Resources */ = {isa = PBXBuildFile; fileRef = 5FAA210A15F7D544004FA4C1 /* output_top_table_cell(nobottom)@2x.png */; };
		5FAA211215F7FA79004FA4C1 /* rounded-cell-(tall).png in Resources */ = {isa = PBXBuildFile; fileRef = 5FAA211015F7FA79004FA4C1 /* rounded-cell-(tall).png */; };
		5FAA211315F7FA79004FA4C1 /* rounded-cell.png in Resources */ = {isa = PBXBuildFile; fileRef = 5FAA211115F7FA79004FA4C1 /* rounded-cell.png */; };
		5FAA211615F80087004FA4C1 /* rounded-cell-(tall)@2x.png in Resources */ = {isa = PBXBuildFile; fileRef = 5FAA211415F80087004FA4C1 /* rounded-cell-(tall)@2x.png */; };
		5FAA211715F80087004FA4C1 /* rounded-cell@2x.png in Resources */ = {isa = PBXBuildFile; fileRef = 5FAA211515F80087004FA4C1 /* rounded-cell@2x.png */; };
		5FB26F7715FFA6A1006E336C /* back.png in Resources */ = {isa = PBXBuildFile; fileRef = 5FB26F6915FFA6A1006E336C /* back.png */; };
		5FB26F7815FFA6A1006E336C /* back@2x.png in Resources */ = {isa = PBXBuildFile; fileRef = 5FB26F6A15FFA6A1006E336C /* back@2x.png */; };
		5FB26F7915FFA6A1006E336C /* bottomgreybar.png in Resources */ = {isa = PBXBuildFile; fileRef = 5FB26F6B15FFA6A1006E336C /* bottomgreybar.png */; };
		5FB26F7A15FFA6A1006E336C /* bottomgreybar@2x.png in Resources */ = {isa = PBXBuildFile; fileRef = 5FB26F6C15FFA6A1006E336C /* bottomgreybar@2x.png */; };
		5FB26F7B15FFA6A1006E336C /* camera_down.png in Resources */ = {isa = PBXBuildFile; fileRef = 5FB26F6D15FFA6A1006E336C /* camera_down.png */; };
		5FB26F7C15FFA6A1006E336C /* camera_down@2x.png in Resources */ = {isa = PBXBuildFile; fileRef = 5FB26F6E15FFA6A1006E336C /* camera_down@2x.png */; };
		5FB26F7D15FFA6A1006E336C /* camera.png in Resources */ = {isa = PBXBuildFile; fileRef = 5FB26F6F15FFA6A1006E336C /* camera.png */; };
		5FB26F7E15FFA6A1006E336C /* camera@2x.png in Resources */ = {isa = PBXBuildFile; fileRef = 5FB26F7015FFA6A1006E336C /* camera@2x.png */; };
		5FB26F7F15FFA6A1006E336C /* pause.png in Resources */ = {isa = PBXBuildFile; fileRef = 5FB26F7115FFA6A1006E336C /* pause.png */; };
		5FB26F8015FFA6A1006E336C /* pause@2x.png in Resources */ = {isa = PBXBuildFile; fileRef = 5FB26F7215FFA6A1006E336C /* pause@2x.png */; };
		5FB26F8115FFA6A1006E336C /* play.png in Resources */ = {isa = PBXBuildFile; fileRef = 5FB26F7315FFA6A1006E336C /* play.png */; };
		5FB26F8215FFA6A1006E336C /* play@2x.png in Resources */ = {isa = PBXBuildFile; fileRef = 5FB26F7415FFA6A1006E336C /* play@2x.png */; };
		5FB26F8315FFA6A1006E336C /* rounded-table_with_seperator.png in Resources */ = {isa = PBXBuildFile; fileRef = 5FB26F7515FFA6A1006E336C /* rounded-table_with_seperator.png */; };
		5FB26F8415FFA6A1006E336C /* rounded-table_with_seperator@2x.png in Resources */ = {isa = PBXBuildFile; fileRef = 5FB26F7615FFA6A1006E336C /* rounded-table_with_seperator@2x.png */; };
		5FB26F921600F50F006E336C /* green_indicator(lrg).png in Resources */ = {isa = PBXBuildFile; fileRef = 5FB26F861600F50F006E336C /* green_indicator(lrg).png */; };
		5FB26F931600F50F006E336C /* green_indicator(lrg)@2x.png in Resources */ = {isa = PBXBuildFile; fileRef = 5FB26F871600F50F006E336C /* green_indicator(lrg)@2x.png */; };
		5FB26F941600F50F006E336C /* green_indicator(small).png in Resources */ = {isa = PBXBuildFile; fileRef = 5FB26F881600F50F006E336C /* green_indicator(small).png */; };
		5FB26F951600F50F006E336C /* green_indicator(small)@2x.png in Resources */ = {isa = PBXBuildFile; fileRef = 5FB26F891600F50F006E336C /* green_indicator(small)@2x.png */; };
		5FB26F961600F50F006E336C /* red_indicator(lrg).png in Resources */ = {isa = PBXBuildFile; fileRef = 5FB26F8A1600F50F006E336C /* red_indicator(lrg).png */; };
		5FB26F971600F50F006E336C /* red_indicator(lrg)@2x.png in Resources */ = {isa = PBXBuildFile; fileRef = 5FB26F8B1600F50F006E336C /* red_indicator(lrg)@2x.png */; };
		5FB26F981600F50F006E336C /* red_indicator(small).png in Resources */ = {isa = PBXBuildFile; fileRef = 5FB26F8C1600F50F006E336C /* red_indicator(small).png */; };
		5FB26F991600F50F006E336C /* red_indicator(small)@2x.png in Resources */ = {isa = PBXBuildFile; fileRef = 5FB26F8D1600F50F006E336C /* red_indicator(small)@2x.png */; };
		5FB26F9A1600F50F006E336C /* yllw_indicator(small).png in Resources */ = {isa = PBXBuildFile; fileRef = 5FB26F8E1600F50F006E336C /* yllw_indicator(small).png */; };
		5FB26F9B1600F50F006E336C /* yllw_indicator(small)@2x.png in Resources */ = {isa = PBXBuildFile; fileRef = 5FB26F8F1600F50F006E336C /* yllw_indicator(small)@2x.png */; };
		5FB26F9C1600F50F006E336C /* ylw_indicator(lrg).png in Resources */ = {isa = PBXBuildFile; fileRef = 5FB26F901600F50F006E336C /* ylw_indicator(lrg).png */; };
		5FB26F9D1600F50F006E336C /* ylw_indicator(lrg)@2x.png in Resources */ = {isa = PBXBuildFile; fileRef = 5FB26F911600F50F006E336C /* ylw_indicator(lrg)@2x.png */; };
		5FDEF6F414C0874000FD98F7 /* Target.m in Sources */ = {isa = PBXBuildFile; fileRef = 5FDEF6F314C0874000FD98F7 /* Target.m */; };
		8344F12A143DBC5D00AB1663 /* UIKit.framework in Frameworks */ = {isa = PBXBuildFile; fileRef = 8344F129143DBC5D00AB1663 /* UIKit.framework */; };
		8344F12C143DBC5D00AB1663 /* Foundation.framework in Frameworks */ = {isa = PBXBuildFile; fileRef = 8344F12B143DBC5D00AB1663 /* Foundation.framework */; };
		8344F12E143DBC5D00AB1663 /* CoreGraphics.framework in Frameworks */ = {isa = PBXBuildFile; fileRef = 8344F12D143DBC5D00AB1663 /* CoreGraphics.framework */; };
		8344F134143DBC5D00AB1663 /* InfoPlist.strings in Resources */ = {isa = PBXBuildFile; fileRef = 8344F132143DBC5D00AB1663 /* InfoPlist.strings */; };
		8344F136143DBC5D00AB1663 /* main.m in Sources */ = {isa = PBXBuildFile; fileRef = 8344F135143DBC5D00AB1663 /* main.m */; };
		8344F13A143DBC5D00AB1663 /* AppDelegate.m in Sources */ = {isa = PBXBuildFile; fileRef = 8344F139143DBC5D00AB1663 /* AppDelegate.m */; };
		8344F13D143DBC5D00AB1663 /* ViewController.m in Sources */ = {isa = PBXBuildFile; fileRef = 8344F13C143DBC5D00AB1663 /* ViewController.m */; };
		8344F140143DBC5D00AB1663 /* ViewController.xib in Resources */ = {isa = PBXBuildFile; fileRef = 8344F13E143DBC5D00AB1663 /* ViewController.xib */; };
		83C034AB143DC0D6008EE9C1 /* AVFoundation.framework in Frameworks */ = {isa = PBXBuildFile; fileRef = 83C034AA143DC0D6008EE9C1 /* AVFoundation.framework */; };
		83C034AE143DC0DE008EE9C1 /* CoreVideo.framework in Frameworks */ = {isa = PBXBuildFile; fileRef = 83C034AD143DC0DE008EE9C1 /* CoreVideo.framework */; };
		83C034B0143DC108008EE9C1 /* CoreMedia.framework in Frameworks */ = {isa = PBXBuildFile; fileRef = 83C034AF143DC108008EE9C1 /* CoreMedia.framework */; };
/* End PBXBuildFile section */

/* Begin PBXFileReference section */
		5F056572161CAFC80020D051 /* Default-568h@2x.png */ = {isa = PBXFileReference; lastKnownFileType = image.png; name = "Default-568h@2x.png"; path = "../Default-568h@2x.png"; sourceTree = "<group>"; };
		5F17A52816136D6B002D2EF7 /* save.png */ = {isa = PBXFileReference; lastKnownFileType = image.png; name = save.png; path = graphics/save.png; sourceTree = "<group>"; };
		5F17A52916136D6B002D2EF7 /* save@2x.png */ = {isa = PBXFileReference; lastKnownFileType = image.png; name = "save@2x.png"; path = "graphics/save@2x.png"; sourceTree = "<group>"; };
		5F7EECAC1608E82C009C838E /* settings_bottomcell(no_top).png */ = {isa = PBXFileReference; lastKnownFileType = image.png; name = "settings_bottomcell(no_top).png"; path = "graphics/settings_bottomcell(no_top).png"; sourceTree = "<group>"; };
		5F7EECAD1608E82C009C838E /* settings_midtable(all_sides).png */ = {isa = PBXFileReference; lastKnownFileType = image.png; name = "settings_midtable(all_sides).png"; path = "graphics/settings_midtable(all_sides).png"; sourceTree = "<group>"; };
		5F7EECAE1608E82C009C838E /* settings_topcell(no_bottom).png */ = {isa = PBXFileReference; lastKnownFileType = image.png; name = "settings_topcell(no_bottom).png"; path = "graphics/settings_topcell(no_bottom).png"; sourceTree = "<group>"; };
		5F91A4A814B26E8D00E37C78 /* OutputsViewController.h */ = {isa = PBXFileReference; fileEncoding = 4; lastKnownFileType = sourcecode.c.h; path = OutputsViewController.h; sourceTree = "<group>"; };
		5F91A4A914B26E8D00E37C78 /* OutputsViewController.m */ = {isa = PBXFileReference; fileEncoding = 4; lastKnownFileType = sourcecode.c.objc; path = OutputsViewController.m; sourceTree = "<group>"; };
		5F91A4AA14B26E8D00E37C78 /* OutputsViewController.xib */ = {isa = PBXFileReference; fileEncoding = 4; lastKnownFileType = file.xib; path = OutputsViewController.xib; sourceTree = "<group>"; };
		5F93944A148D73D100707D33 /* selectionView.h */ = {isa = PBXFileReference; fileEncoding = 4; lastKnownFileType = sourcecode.c.h; name = selectionView.h; path = ../selectionView.h; sourceTree = "<group>"; };
		5F93944B148D73D100707D33 /* selectionView.m */ = {isa = PBXFileReference; fileEncoding = 4; lastKnownFileType = sourcecode.c.objc; name = selectionView.m; path = ../selectionView.m; sourceTree = "<group>"; };
		5FAA20DC15F7961F004FA4C1 /* Outputs_btn.png */ = {isa = PBXFileReference; lastKnownFileType = image.png; name = Outputs_btn.png; path = graphics/Outputs_btn.png; sourceTree = "<group>"; };
		5FAA20DD15F7961F004FA4C1 /* Outputs_btn@2x.png */ = {isa = PBXFileReference; lastKnownFileType = image.png; name = "Outputs_btn@2x.png"; path = "graphics/Outputs_btn@2x.png"; sourceTree = "<group>"; };
		5FAA20DE15F7961F004FA4C1 /* settings_button.png */ = {isa = PBXFileReference; lastKnownFileType = image.png; name = settings_button.png; path = graphics/settings_button.png; sourceTree = "<group>"; };
		5FAA20DF15F7961F004FA4C1 /* settings_button@2x.png */ = {isa = PBXFileReference; lastKnownFileType = image.png; name = "settings_button@2x.png"; path = "graphics/settings_button@2x.png"; sourceTree = "<group>"; };
		5FAA20EC15F7BED9004FA4C1 /* 0001_lock_btn.png */ = {isa = PBXFileReference; lastKnownFileType = image.png; name = 0001_lock_btn.png; path = graphics/0001_lock_btn.png; sourceTree = "<group>"; };
		5FAA20ED15F7BED9004FA4C1 /* 0001_lock_btn@2x.png */ = {isa = PBXFileReference; lastKnownFileType = image.png; name = "0001_lock_btn@2x.png"; path = "graphics/0001_lock_btn@2x.png"; sourceTree = "<group>"; };
		5FAA20EE15F7BED9004FA4C1 /* unlock_btn.png */ = {isa = PBXFileReference; lastKnownFileType = image.png; name = unlock_btn.png; path = graphics/unlock_btn.png; sourceTree = "<group>"; };
		5FAA20EF15F7BED9004FA4C1 /* unlock_btn@2x.png */ = {isa = PBXFileReference; lastKnownFileType = image.png; name = "unlock_btn@2x.png"; path = "graphics/unlock_btn@2x.png"; sourceTree = "<group>"; };
		5FAA20FC15F7D05A004FA4C1 /* output_bottom_table_cell(no_top).png */ = {isa = PBXFileReference; lastKnownFileType = image.png; name = "output_bottom_table_cell(no_top).png"; path = "graphics/output_bottom_table_cell(no_top).png"; sourceTree = "<group>"; };
		5FAA20FD15F7D05A004FA4C1 /* output_middle_table_cell(all-stroked).png */ = {isa = PBXFileReference; lastKnownFileType = image.png; name = "output_middle_table_cell(all-stroked).png"; path = "graphics/output_middle_table_cell(all-stroked).png"; sourceTree = "<group>"; };
		5FAA20FE15F7D05A004FA4C1 /* output_middle_table_cell(no_bottom).png */ = {isa = PBXFileReference; lastKnownFileType = image.png; name = "output_middle_table_cell(no_bottom).png"; path = "graphics/output_middle_table_cell(no_bottom).png"; sourceTree = "<group>"; };
		5FAA20FF15F7D05A004FA4C1 /* output_middle_table_cell(no_top).png */ = {isa = PBXFileReference; lastKnownFileType = image.png; name = "output_middle_table_cell(no_top).png"; path = "graphics/output_middle_table_cell(no_top).png"; sourceTree = "<group>"; };
		5FAA210015F7D05A004FA4C1 /* output_top_table_cell(nobottom).png */ = {isa = PBXFileReference; lastKnownFileType = image.png; name = "output_top_table_cell(nobottom).png"; path = "graphics/output_top_table_cell(nobottom).png"; sourceTree = "<group>"; };
		5FAA210615F7D544004FA4C1 /* output_bottom_table_cell(no_top)@2x.png */ = {isa = PBXFileReference; lastKnownFileType = image.png; name = "output_bottom_table_cell(no_top)@2x.png"; path = "graphics/output_bottom_table_cell(no_top)@2x.png"; sourceTree = "<group>"; };
		5FAA210715F7D544004FA4C1 /* output_middle_table_cell(all-stroked)@2x.png */ = {isa = PBXFileReference; lastKnownFileType = image.png; name = "output_middle_table_cell(all-stroked)@2x.png"; path = "graphics/output_middle_table_cell(all-stroked)@2x.png"; sourceTree = "<group>"; };
		5FAA210815F7D544004FA4C1 /* output_middle_table_cell(no_bottom)@2x.png */ = {isa = PBXFileReference; lastKnownFileType = image.png; name = "output_middle_table_cell(no_bottom)@2x.png"; path = "graphics/output_middle_table_cell(no_bottom)@2x.png"; sourceTree = "<group>"; };
		5FAA210915F7D544004FA4C1 /* output_middle_table_cell(no_top)@2x.png */ = {isa = PBXFileReference; lastKnownFileType = image.png; name = "output_middle_table_cell(no_top)@2x.png"; path = "graphics/output_middle_table_cell(no_top)@2x.png"; sourceTree = "<group>"; };
		5FAA210A15F7D544004FA4C1 /* output_top_table_cell(nobottom)@2x.png */ = {isa = PBXFileReference; lastKnownFileType = image.png; name = "output_top_table_cell(nobottom)@2x.png"; path = "graphics/output_top_table_cell(nobottom)@2x.png"; sourceTree = "<group>"; };
		5FAA211015F7FA79004FA4C1 /* rounded-cell-(tall).png */ = {isa = PBXFileReference; lastKnownFileType = image.png; name = "rounded-cell-(tall).png"; path = "graphics/rounded-cell-(tall).png"; sourceTree = "<group>"; };
		5FAA211115F7FA79004FA4C1 /* rounded-cell.png */ = {isa = PBXFileReference; lastKnownFileType = image.png; name = "rounded-cell.png"; path = "graphics/rounded-cell.png"; sourceTree = "<group>"; };
		5FAA211415F80087004FA4C1 /* rounded-cell-(tall)@2x.png */ = {isa = PBXFileReference; lastKnownFileType = image.png; name = "rounded-cell-(tall)@2x.png"; path = "graphics/rounded-cell-(tall)@2x.png"; sourceTree = "<group>"; };
		5FAA211515F80087004FA4C1 /* rounded-cell@2x.png */ = {isa = PBXFileReference; lastKnownFileType = image.png; name = "rounded-cell@2x.png"; path = "graphics/rounded-cell@2x.png"; sourceTree = "<group>"; };
		5FB26F6915FFA6A1006E336C /* back.png */ = {isa = PBXFileReference; lastKnownFileType = image.png; name = back.png; path = graphics/back.png; sourceTree = "<group>"; };
		5FB26F6A15FFA6A1006E336C /* back@2x.png */ = {isa = PBXFileReference; lastKnownFileType = image.png; name = "back@2x.png"; path = "graphics/back@2x.png"; sourceTree = "<group>"; };
		5FB26F6B15FFA6A1006E336C /* bottomgreybar.png */ = {isa = PBXFileReference; lastKnownFileType = image.png; name = bottomgreybar.png; path = graphics/bottomgreybar.png; sourceTree = "<group>"; };
		5FB26F6C15FFA6A1006E336C /* bottomgreybar@2x.png */ = {isa = PBXFileReference; lastKnownFileType = image.png; name = "bottomgreybar@2x.png"; path = "graphics/bottomgreybar@2x.png"; sourceTree = "<group>"; };
		5FB26F6D15FFA6A1006E336C /* camera_down.png */ = {isa = PBXFileReference; lastKnownFileType = image.png; name = camera_down.png; path = graphics/camera_down.png; sourceTree = "<group>"; };
		5FB26F6E15FFA6A1006E336C /* camera_down@2x.png */ = {isa = PBXFileReference; lastKnownFileType = image.png; name = "camera_down@2x.png"; path = "graphics/camera_down@2x.png"; sourceTree = "<group>"; };
		5FB26F6F15FFA6A1006E336C /* camera.png */ = {isa = PBXFileReference; lastKnownFileType = image.png; name = camera.png; path = graphics/camera.png; sourceTree = "<group>"; };
		5FB26F7015FFA6A1006E336C /* camera@2x.png */ = {isa = PBXFileReference; lastKnownFileType = image.png; name = "camera@2x.png"; path = "graphics/camera@2x.png"; sourceTree = "<group>"; };
		5FB26F7115FFA6A1006E336C /* pause.png */ = {isa = PBXFileReference; lastKnownFileType = image.png; name = pause.png; path = graphics/pause.png; sourceTree = "<group>"; };
		5FB26F7215FFA6A1006E336C /* pause@2x.png */ = {isa = PBXFileReference; lastKnownFileType = image.png; name = "pause@2x.png"; path = "graphics/pause@2x.png"; sourceTree = "<group>"; };
		5FB26F7315FFA6A1006E336C /* play.png */ = {isa = PBXFileReference; lastKnownFileType = image.png; name = play.png; path = graphics/play.png; sourceTree = "<group>"; };
		5FB26F7415FFA6A1006E336C /* play@2x.png */ = {isa = PBXFileReference; lastKnownFileType = image.png; name = "play@2x.png"; path = "graphics/play@2x.png"; sourceTree = "<group>"; };
		5FB26F7515FFA6A1006E336C /* rounded-table_with_seperator.png */ = {isa = PBXFileReference; lastKnownFileType = image.png; name = "rounded-table_with_seperator.png"; path = "graphics/rounded-table_with_seperator.png"; sourceTree = "<group>"; };
		5FB26F7615FFA6A1006E336C /* rounded-table_with_seperator@2x.png */ = {isa = PBXFileReference; lastKnownFileType = image.png; name = "rounded-table_with_seperator@2x.png"; path = "graphics/rounded-table_with_seperator@2x.png"; sourceTree = "<group>"; };
		5FB26F861600F50F006E336C /* green_indicator(lrg).png */ = {isa = PBXFileReference; lastKnownFileType = image.png; name = "green_indicator(lrg).png"; path = "graphics/green_indicator(lrg).png"; sourceTree = "<group>"; };
		5FB26F871600F50F006E336C /* green_indicator(lrg)@2x.png */ = {isa = PBXFileReference; lastKnownFileType = image.png; name = "green_indicator(lrg)@2x.png"; path = "graphics/green_indicator(lrg)@2x.png"; sourceTree = "<group>"; };
		5FB26F881600F50F006E336C /* green_indicator(small).png */ = {isa = PBXFileReference; lastKnownFileType = image.png; name = "green_indicator(small).png"; path = "graphics/green_indicator(small).png"; sourceTree = "<group>"; };
		5FB26F891600F50F006E336C /* green_indicator(small)@2x.png */ = {isa = PBXFileReference; lastKnownFileType = image.png; name = "green_indicator(small)@2x.png"; path = "graphics/green_indicator(small)@2x.png"; sourceTree = "<group>"; };
		5FB26F8A1600F50F006E336C /* red_indicator(lrg).png */ = {isa = PBXFileReference; lastKnownFileType = image.png; name = "red_indicator(lrg).png"; path = "graphics/red_indicator(lrg).png"; sourceTree = "<group>"; };
		5FB26F8B1600F50F006E336C /* red_indicator(lrg)@2x.png */ = {isa = PBXFileReference; lastKnownFileType = image.png; name = "red_indicator(lrg)@2x.png"; path = "graphics/red_indicator(lrg)@2x.png"; sourceTree = "<group>"; };
		5FB26F8C1600F50F006E336C /* red_indicator(small).png */ = {isa = PBXFileReference; lastKnownFileType = image.png; name = "red_indicator(small).png"; path = "graphics/red_indicator(small).png"; sourceTree = "<group>"; };
		5FB26F8D1600F50F006E336C /* red_indicator(small)@2x.png */ = {isa = PBXFileReference; lastKnownFileType = image.png; name = "red_indicator(small)@2x.png"; path = "graphics/red_indicator(small)@2x.png"; sourceTree = "<group>"; };
		5FB26F8E1600F50F006E336C /* yllw_indicator(small).png */ = {isa = PBXFileReference; lastKnownFileType = image.png; name = "yllw_indicator(small).png"; path = "graphics/yllw_indicator(small).png"; sourceTree = "<group>"; };
		5FB26F8F1600F50F006E336C /* yllw_indicator(small)@2x.png */ = {isa = PBXFileReference; lastKnownFileType = image.png; name = "yllw_indicator(small)@2x.png"; path = "graphics/yllw_indicator(small)@2x.png"; sourceTree = "<group>"; };
		5FB26F901600F50F006E336C /* ylw_indicator(lrg).png */ = {isa = PBXFileReference; lastKnownFileType = image.png; name = "ylw_indicator(lrg).png"; path = "graphics/ylw_indicator(lrg).png"; sourceTree = "<group>"; };
		5FB26F911600F50F006E336C /* ylw_indicator(lrg)@2x.png */ = {isa = PBXFileReference; lastKnownFileType = image.png; name = "ylw_indicator(lrg)@2x.png"; path = "graphics/ylw_indicator(lrg)@2x.png"; sourceTree = "<group>"; };
		5FDEF6F214C0874000FD98F7 /* Target.h */ = {isa = PBXFileReference; fileEncoding = 4; lastKnownFileType = sourcecode.c.h; path = Target.h; sourceTree = "<group>"; };
		5FDEF6F314C0874000FD98F7 /* Target.m */ = {isa = PBXFileReference; fileEncoding = 4; lastKnownFileType = sourcecode.c.objc; path = Target.m; sourceTree = "<group>"; };
		8344F125143DBC5D00AB1663 /* ColourDetector.app */ = {isa = PBXFileReference; explicitFileType = wrapper.application; includeInIndex = 0; path = ColourDetector.app; sourceTree = BUILT_PRODUCTS_DIR; };
		8344F129143DBC5D00AB1663 /* UIKit.framework */ = {isa = PBXFileReference; lastKnownFileType = wrapper.framework; name = UIKit.framework; path = System/Library/Frameworks/UIKit.framework; sourceTree = SDKROOT; };
		8344F12B143DBC5D00AB1663 /* Foundation.framework */ = {isa = PBXFileReference; lastKnownFileType = wrapper.framework; name = Foundation.framework; path = System/Library/Frameworks/Foundation.framework; sourceTree = SDKROOT; };
		8344F12D143DBC5D00AB1663 /* CoreGraphics.framework */ = {isa = PBXFileReference; lastKnownFileType = wrapper.framework; name = CoreGraphics.framework; path = System/Library/Frameworks/CoreGraphics.framework; sourceTree = SDKROOT; };
		8344F131143DBC5D00AB1663 /* ColourDetector-Info.plist */ = {isa = PBXFileReference; lastKnownFileType = text.plist.xml; path = "ColourDetector-Info.plist"; sourceTree = "<group>"; };
		8344F133143DBC5D00AB1663 /* en */ = {isa = PBXFileReference; lastKnownFileType = text.plist.strings; name = en; path = en.lproj/InfoPlist.strings; sourceTree = "<group>"; };
		8344F135143DBC5D00AB1663 /* main.m */ = {isa = PBXFileReference; lastKnownFileType = sourcecode.c.objc; path = main.m; sourceTree = "<group>"; };
		8344F137143DBC5D00AB1663 /* ColourDetector-Prefix.pch */ = {isa = PBXFileReference; lastKnownFileType = sourcecode.c.h; path = "ColourDetector-Prefix.pch"; sourceTree = "<group>"; };
		8344F138143DBC5D00AB1663 /* AppDelegate.h */ = {isa = PBXFileReference; lastKnownFileType = sourcecode.c.h; path = AppDelegate.h; sourceTree = "<group>"; };
		8344F139143DBC5D00AB1663 /* AppDelegate.m */ = {isa = PBXFileReference; lastKnownFileType = sourcecode.c.objc; path = AppDelegate.m; sourceTree = "<group>"; };
		8344F13B143DBC5D00AB1663 /* ViewController.h */ = {isa = PBXFileReference; lastKnownFileType = sourcecode.c.h; path = ViewController.h; sourceTree = "<group>"; };
		8344F13C143DBC5D00AB1663 /* ViewController.m */ = {isa = PBXFileReference; lastKnownFileType = sourcecode.c.objc; path = ViewController.m; sourceTree = "<group>"; };
		8344F13F143DBC5D00AB1663 /* en */ = {isa = PBXFileReference; lastKnownFileType = file.xib; name = en; path = en.lproj/ViewController.xib; sourceTree = "<group>"; };
		83C034AA143DC0D6008EE9C1 /* AVFoundation.framework */ = {isa = PBXFileReference; lastKnownFileType = wrapper.framework; name = AVFoundation.framework; path = System/Library/Frameworks/AVFoundation.framework; sourceTree = SDKROOT; };
		83C034AD143DC0DE008EE9C1 /* CoreVideo.framework */ = {isa = PBXFileReference; lastKnownFileType = wrapper.framework; name = CoreVideo.framework; path = System/Library/Frameworks/CoreVideo.framework; sourceTree = SDKROOT; };
		83C034AF143DC108008EE9C1 /* CoreMedia.framework */ = {isa = PBXFileReference; lastKnownFileType = wrapper.framework; name = CoreMedia.framework; path = System/Library/Frameworks/CoreMedia.framework; sourceTree = SDKROOT; };
/* End PBXFileReference section */

/* Begin PBXFrameworksBuildPhase section */
		8344F122143DBC5D00AB1663 /* Frameworks */ = {
			isa = PBXFrameworksBuildPhase;
			buildActionMask = 2147483647;
			files = (
				83C034B0143DC108008EE9C1 /* CoreMedia.framework in Frameworks */,
				83C034AE143DC0DE008EE9C1 /* CoreVideo.framework in Frameworks */,
				83C034AB143DC0D6008EE9C1 /* AVFoundation.framework in Frameworks */,
				8344F12A143DBC5D00AB1663 /* UIKit.framework in Frameworks */,
				8344F12C143DBC5D00AB1663 /* Foundation.framework in Frameworks */,
				8344F12E143DBC5D00AB1663 /* CoreGraphics.framework in Frameworks */,
			);
			runOnlyForDeploymentPostprocessing = 0;
		};
/* End PBXFrameworksBuildPhase section */

/* Begin PBXGroup section */
		5FAA20BF15F6CC3B004FA4C1 /* Graphics */ = {
			isa = PBXGroup;
			children = (
				5F17A52816136D6B002D2EF7 /* save.png */,
				5F17A52916136D6B002D2EF7 /* save@2x.png */,
				5F7EECAC1608E82C009C838E /* settings_bottomcell(no_top).png */,
				5F7EECAD1608E82C009C838E /* settings_midtable(all_sides).png */,
				5F7EECAE1608E82C009C838E /* settings_topcell(no_bottom).png */,
				5FB26F861600F50F006E336C /* green_indicator(lrg).png */,
				5FB26F871600F50F006E336C /* green_indicator(lrg)@2x.png */,
				5FB26F881600F50F006E336C /* green_indicator(small).png */,
				5FB26F891600F50F006E336C /* green_indicator(small)@2x.png */,
				5FB26F8A1600F50F006E336C /* red_indicator(lrg).png */,
				5FB26F8B1600F50F006E336C /* red_indicator(lrg)@2x.png */,
				5FB26F8C1600F50F006E336C /* red_indicator(small).png */,
				5FB26F8D1600F50F006E336C /* red_indicator(small)@2x.png */,
				5FB26F8E1600F50F006E336C /* yllw_indicator(small).png */,
				5FB26F8F1600F50F006E336C /* yllw_indicator(small)@2x.png */,
				5FB26F901600F50F006E336C /* ylw_indicator(lrg).png */,
				5FB26F911600F50F006E336C /* ylw_indicator(lrg)@2x.png */,
				5FB26F6915FFA6A1006E336C /* back.png */,
				5FB26F6A15FFA6A1006E336C /* back@2x.png */,
				5FB26F6B15FFA6A1006E336C /* bottomgreybar.png */,
				5FB26F6C15FFA6A1006E336C /* bottomgreybar@2x.png */,
				5FB26F6D15FFA6A1006E336C /* camera_down.png */,
				5FB26F6E15FFA6A1006E336C /* camera_down@2x.png */,
				5FB26F6F15FFA6A1006E336C /* camera.png */,
				5FB26F7015FFA6A1006E336C /* camera@2x.png */,
				5FB26F7115FFA6A1006E336C /* pause.png */,
				5FB26F7215FFA6A1006E336C /* pause@2x.png */,
				5FB26F7315FFA6A1006E336C /* play.png */,
				5FB26F7415FFA6A1006E336C /* play@2x.png */,
				5FB26F7515FFA6A1006E336C /* rounded-table_with_seperator.png */,
				5FB26F7615FFA6A1006E336C /* rounded-table_with_seperator@2x.png */,
				5FAA211415F80087004FA4C1 /* rounded-cell-(tall)@2x.png */,
				5FAA211515F80087004FA4C1 /* rounded-cell@2x.png */,
				5FAA211015F7FA79004FA4C1 /* rounded-cell-(tall).png */,
				5FAA211115F7FA79004FA4C1 /* rounded-cell.png */,
				5FAA210615F7D544004FA4C1 /* output_bottom_table_cell(no_top)@2x.png */,
				5FAA210715F7D544004FA4C1 /* output_middle_table_cell(all-stroked)@2x.png */,
				5FAA210815F7D544004FA4C1 /* output_middle_table_cell(no_bottom)@2x.png */,
				5FAA210915F7D544004FA4C1 /* output_middle_table_cell(no_top)@2x.png */,
				5FAA210A15F7D544004FA4C1 /* output_top_table_cell(nobottom)@2x.png */,
				5FAA20FC15F7D05A004FA4C1 /* output_bottom_table_cell(no_top).png */,
				5FAA20FD15F7D05A004FA4C1 /* output_middle_table_cell(all-stroked).png */,
				5FAA20FE15F7D05A004FA4C1 /* output_middle_table_cell(no_bottom).png */,
				5FAA20FF15F7D05A004FA4C1 /* output_middle_table_cell(no_top).png */,
				5FAA210015F7D05A004FA4C1 /* output_top_table_cell(nobottom).png */,
				5FAA20EC15F7BED9004FA4C1 /* 0001_lock_btn.png */,
				5FAA20ED15F7BED9004FA4C1 /* 0001_lock_btn@2x.png */,
				5FAA20EE15F7BED9004FA4C1 /* unlock_btn.png */,
				5FAA20EF15F7BED9004FA4C1 /* unlock_btn@2x.png */,
				5FAA20DC15F7961F004FA4C1 /* Outputs_btn.png */,
				5FAA20DD15F7961F004FA4C1 /* Outputs_btn@2x.png */,
				5FAA20DE15F7961F004FA4C1 /* settings_button.png */,
				5FAA20DF15F7961F004FA4C1 /* settings_button@2x.png */,
			);
			name = Graphics;
			sourceTree = "<group>";
		};
		8344F11A143DBC5D00AB1663 = {
			isa = PBXGroup;
			children = (
				5FAA20BF15F6CC3B004FA4C1 /* Graphics */,
				8344F12F143DBC5D00AB1663 /* ColourDetector */,
				8344F128143DBC5D00AB1663 /* Frameworks */,
				8344F126143DBC5D00AB1663 /* Products */,
			);
			sourceTree = "<group>";
		};
		8344F126143DBC5D00AB1663 /* Products */ = {
			isa = PBXGroup;
			children = (
				8344F125143DBC5D00AB1663 /* ColourDetector.app */,
			);
			name = Products;
			sourceTree = "<group>";
		};
		8344F128143DBC5D00AB1663 /* Frameworks */ = {
			isa = PBXGroup;
			children = (
				83C034AF143DC108008EE9C1 /* CoreMedia.framework */,
				83C034AD143DC0DE008EE9C1 /* CoreVideo.framework */,
				83C034AA143DC0D6008EE9C1 /* AVFoundation.framework */,
				8344F129143DBC5D00AB1663 /* UIKit.framework */,
				8344F12B143DBC5D00AB1663 /* Foundation.framework */,
				8344F12D143DBC5D00AB1663 /* CoreGraphics.framework */,
			);
			name = Frameworks;
			sourceTree = "<group>";
		};
		8344F12F143DBC5D00AB1663 /* ColourDetector */ = {
			isa = PBXGroup;
			children = (
				5FDEF6F214C0874000FD98F7 /* Target.h */,
				5FDEF6F314C0874000FD98F7 /* Target.m */,
				8344F138143DBC5D00AB1663 /* AppDelegate.h */,
				8344F139143DBC5D00AB1663 /* AppDelegate.m */,
				8344F13B143DBC5D00AB1663 /* ViewController.h */,
				8344F13C143DBC5D00AB1663 /* ViewController.m */,
				8344F13E143DBC5D00AB1663 /* ViewController.xib */,
				5F93944A148D73D100707D33 /* selectionView.h */,
				5F93944B148D73D100707D33 /* selectionView.m */,
				5F91A4A814B26E8D00E37C78 /* OutputsViewController.h */,
				5F91A4A914B26E8D00E37C78 /* OutputsViewController.m */,
				5F91A4AA14B26E8D00E37C78 /* OutputsViewController.xib */,
				8344F130143DBC5D00AB1663 /* Supporting Files */,
			);
			path = ColourDetector;
			sourceTree = "<group>";
		};
		8344F130143DBC5D00AB1663 /* Supporting Files */ = {
			isa = PBXGroup;
			children = (
				8344F131143DBC5D00AB1663 /* ColourDetector-Info.plist */,
				5F056572161CAFC80020D051 /* Default-568h@2x.png */,
				8344F132143DBC5D00AB1663 /* InfoPlist.strings */,
				8344F135143DBC5D00AB1663 /* main.m */,
				8344F137143DBC5D00AB1663 /* ColourDetector-Prefix.pch */,
			);
			name = "Supporting Files";
			sourceTree = "<group>";
		};
/* End PBXGroup section */

/* Begin PBXNativeTarget section */
		8344F124143DBC5D00AB1663 /* ColourDetector */ = {
			isa = PBXNativeTarget;
			buildConfigurationList = 8344F143143DBC5D00AB1663 /* Build configuration list for PBXNativeTarget "ColourDetector" */;
			buildPhases = (
				8344F121143DBC5D00AB1663 /* Sources */,
				8344F122143DBC5D00AB1663 /* Frameworks */,
				8344F123143DBC5D00AB1663 /* Resources */,
			);
			buildRules = (
			);
			dependencies = (
			);
			name = ColourDetector;
			productName = ColourDetector;
			productReference = 8344F125143DBC5D00AB1663 /* ColourDetector.app */;
			productType = "com.apple.product-type.application";
		};
/* End PBXNativeTarget section */

/* Begin PBXProject section */
		8344F11C143DBC5D00AB1663 /* Project object */ = {
			isa = PBXProject;
			attributes = {
				LastUpgradeCheck = 0440;
			};
			buildConfigurationList = 8344F11F143DBC5D00AB1663 /* Build configuration list for PBXProject "ColourDetector" */;
			compatibilityVersion = "Xcode 3.2";
			developmentRegion = English;
			hasScannedForEncodings = 0;
			knownRegions = (
				en,
			);
			mainGroup = 8344F11A143DBC5D00AB1663;
			productRefGroup = 8344F126143DBC5D00AB1663 /* Products */;
			projectDirPath = "";
			projectRoot = "";
			targets = (
				8344F124143DBC5D00AB1663 /* ColourDetector */,
			);
		};
/* End PBXProject section */

/* Begin PBXResourcesBuildPhase section */
		8344F123143DBC5D00AB1663 /* Resources */ = {
			isa = PBXResourcesBuildPhase;
			buildActionMask = 2147483647;
			files = (
				8344F134143DBC5D00AB1663 /* InfoPlist.strings in Resources */,
				8344F140143DBC5D00AB1663 /* ViewController.xib in Resources */,
				5F91A4AC14B26E8D00E37C78 /* OutputsViewController.xib in Resources */,
				5FAA20E615F7961F004FA4C1 /* Outputs_btn.png in Resources */,
				5FAA20E715F7961F004FA4C1 /* Outputs_btn@2x.png in Resources */,
				5FAA20E815F7961F004FA4C1 /* settings_button.png in Resources */,
				5FAA20E915F7961F004FA4C1 /* settings_button@2x.png in Resources */,
				5FAA20F015F7BED9004FA4C1 /* 0001_lock_btn.png in Resources */,
				5FAA20F115F7BED9004FA4C1 /* 0001_lock_btn@2x.png in Resources */,
				5FAA20F215F7BED9004FA4C1 /* unlock_btn.png in Resources */,
				5FAA20F315F7BED9004FA4C1 /* unlock_btn@2x.png in Resources */,
				5FAA210115F7D05A004FA4C1 /* output_bottom_table_cell(no_top).png in Resources */,
				5FAA210215F7D05A004FA4C1 /* output_middle_table_cell(all-stroked).png in Resources */,
				5FAA210315F7D05A004FA4C1 /* output_middle_table_cell(no_bottom).png in Resources */,
				5FAA210415F7D05A004FA4C1 /* output_middle_table_cell(no_top).png in Resources */,
				5FAA210515F7D05A004FA4C1 /* output_top_table_cell(nobottom).png in Resources */,
				5FAA210B15F7D544004FA4C1 /* output_bottom_table_cell(no_top)@2x.png in Resources */,
				5FAA210C15F7D544004FA4C1 /* output_middle_table_cell(all-stroked)@2x.png in Resources */,
				5FAA210D15F7D544004FA4C1 /* output_middle_table_cell(no_bottom)@2x.png in Resources */,
				5FAA210E15F7D544004FA4C1 /* output_middle_table_cell(no_top)@2x.png in Resources */,
				5FAA210F15F7D544004FA4C1 /* output_top_table_cell(nobottom)@2x.png in Resources */,
				5FAA211215F7FA79004FA4C1 /* rounded-cell-(tall).png in Resources */,
				5FAA211315F7FA79004FA4C1 /* rounded-cell.png in Resources */,
				5FAA211615F80087004FA4C1 /* rounded-cell-(tall)@2x.png in Resources */,
				5FAA211715F80087004FA4C1 /* rounded-cell@2x.png in Resources */,
				5FB26F7715FFA6A1006E336C /* back.png in Resources */,
				5FB26F7815FFA6A1006E336C /* back@2x.png in Resources */,
				5FB26F7915FFA6A1006E336C /* bottomgreybar.png in Resources */,
				5FB26F7A15FFA6A1006E336C /* bottomgreybar@2x.png in Resources */,
				5FB26F7B15FFA6A1006E336C /* camera_down.png in Resources */,
				5FB26F7C15FFA6A1006E336C /* camera_down@2x.png in Resources */,
				5FB26F7D15FFA6A1006E336C /* camera.png in Resources */,
				5FB26F7E15FFA6A1006E336C /* camera@2x.png in Resources */,
				5FB26F7F15FFA6A1006E336C /* pause.png in Resources */,
				5FB26F8015FFA6A1006E336C /* pause@2x.png in Resources */,
				5FB26F8115FFA6A1006E336C /* play.png in Resources */,
				5FB26F8215FFA6A1006E336C /* play@2x.png in Resources */,
				5FB26F8315FFA6A1006E336C /* rounded-table_with_seperator.png in Resources */,
				5FB26F8415FFA6A1006E336C /* rounded-table_with_seperator@2x.png in Resources */,
				5FB26F921600F50F006E336C /* green_indicator(lrg).png in Resources */,
				5FB26F931600F50F006E336C /* green_indicator(lrg)@2x.png in Resources */,
				5FB26F941600F50F006E336C /* green_indicator(small).png in Resources */,
				5FB26F951600F50F006E336C /* green_indicator(small)@2x.png in Resources */,
				5FB26F961600F50F006E336C /* red_indicator(lrg).png in Resources */,
				5FB26F971600F50F006E336C /* red_indicator(lrg)@2x.png in Resources */,
				5FB26F981600F50F006E336C /* red_indicator(small).png in Resources */,
				5FB26F991600F50F006E336C /* red_indicator(small)@2x.png in Resources */,
				5FB26F9A1600F50F006E336C /* yllw_indicator(small).png in Resources */,
				5FB26F9B1600F50F006E336C /* yllw_indicator(small)@2x.png in Resources */,
				5FB26F9C1600F50F006E336C /* ylw_indicator(lrg).png in Resources */,
				5FB26F9D1600F50F006E336C /* ylw_indicator(lrg)@2x.png in Resources */,
				5F7EECAF1608E82C009C838E /* settings_bottomcell(no_top).png in Resources */,
				5F7EECB01608E82C009C838E /* settings_midtable(all_sides).png in Resources */,
				5F7EECB11608E82C009C838E /* settings_topcell(no_bottom).png in Resources */,
				5F17A52A16136D6B002D2EF7 /* save.png in Resources */,
				5F17A52B16136D6B002D2EF7 /* save@2x.png in Resources */,
				5F056573161CAFC80020D051 /* Default-568h@2x.png in Resources */,
			);
			runOnlyForDeploymentPostprocessing = 0;
		};
/* End PBXResourcesBuildPhase section */

/* Begin PBXSourcesBuildPhase section */
		8344F121143DBC5D00AB1663 /* Sources */ = {
			isa = PBXSourcesBuildPhase;
			buildActionMask = 2147483647;
			files = (
				8344F136143DBC5D00AB1663 /* main.m in Sources */,
				8344F13A143DBC5D00AB1663 /* AppDelegate.m in Sources */,
				8344F13D143DBC5D00AB1663 /* ViewController.m in Sources */,
				5F93944C148D73D100707D33 /* selectionView.m in Sources */,
				5F91A4AB14B26E8D00E37C78 /* OutputsViewController.m in Sources */,
				5FDEF6F414C0874000FD98F7 /* Target.m in Sources */,
			);
			runOnlyForDeploymentPostprocessing = 0;
		};
/* End PBXSourcesBuildPhase section */

/* Begin PBXVariantGroup section */
		8344F132143DBC5D00AB1663 /* InfoPlist.strings */ = {
			isa = PBXVariantGroup;
			children = (
				8344F133143DBC5D00AB1663 /* en */,
			);
			name = InfoPlist.strings;
			sourceTree = "<group>";
		};
		8344F13E143DBC5D00AB1663 /* ViewController.xib */ = {
			isa = PBXVariantGroup;
			children = (
				8344F13F143DBC5D00AB1663 /* en */,
			);
			name = ViewController.xib;
			sourceTree = "<group>";
		};
/* End PBXVariantGroup section */

/* Begin XCBuildConfiguration section */
		8344F141143DBC5D00AB1663 /* Debug */ = {
			isa = XCBuildConfiguration;
			buildSettings = {
				ALWAYS_SEARCH_USER_PATHS = NO;
				ARCHS = "$(ARCHS_STANDARD_32_BIT)";
				CODE_SIGN_IDENTITY = "iPhone Developer: TODD STEINACKLE (ML3Q9G2FP8)";
				"CODE_SIGN_IDENTITY[sdk=iphoneos*]" = "iPhone Developer: TODD STEINACKLE (ML3Q9G2FP8)";
				COPY_PHASE_STRIP = NO;
				GCC_C_LANGUAGE_STANDARD = gnu99;
				GCC_DYNAMIC_NO_PIC = NO;
				GCC_OPTIMIZATION_LEVEL = 0;
				GCC_PREPROCESSOR_DEFINITIONS = (
					"DEBUG=1",
					"$(inherited)",
				);
				GCC_SYMBOLS_PRIVATE_EXTERN = NO;
				GCC_VERSION = com.apple.compilers.llvm.clang.1_0;
				GCC_WARN_ABOUT_MISSING_PROTOTYPES = YES;
				GCC_WARN_ABOUT_RETURN_TYPE = YES;
				GCC_WARN_UNUSED_VARIABLE = YES;
				IPHONEOS_DEPLOYMENT_TARGET = 5.0;
				PROVISIONING_PROFILE = "110A7B5C-1D70-41F8-BDDE-80419693B8CF";
				"PROVISIONING_PROFILE[sdk=iphoneos*]" = "110A7B5C-1D70-41F8-BDDE-80419693B8CF";
				SDKROOT = iphoneos;
			};
			name = Debug;
		};
		8344F142143DBC5D00AB1663 /* Release */ = {
			isa = XCBuildConfiguration;
			buildSettings = {
				ALWAYS_SEARCH_USER_PATHS = NO;
				ARCHS = "$(ARCHS_STANDARD_32_BIT)";
				CODE_SIGN_IDENTITY = "iPhone Developer: TODD STEINACKLE (ML3Q9G2FP8)";
				"CODE_SIGN_IDENTITY[sdk=iphoneos*]" = "iPhone Developer: TODD STEINACKLE (ML3Q9G2FP8)";
				COPY_PHASE_STRIP = YES;
				GCC_C_LANGUAGE_STANDARD = gnu99;
				GCC_VERSION = com.apple.compilers.llvm.clang.1_0;
				GCC_WARN_ABOUT_MISSING_PROTOTYPES = YES;
				GCC_WARN_ABOUT_RETURN_TYPE = YES;
				GCC_WARN_UNUSED_VARIABLE = YES;
				IPHONEOS_DEPLOYMENT_TARGET = 5.0;
				OTHER_CFLAGS = "-DNS_BLOCK_ASSERTIONS=1";
				PROVISIONING_PROFILE = "110A7B5C-1D70-41F8-BDDE-80419693B8CF";
				"PROVISIONING_PROFILE[sdk=iphoneos*]" = "110A7B5C-1D70-41F8-BDDE-80419693B8CF";
				SDKROOT = iphoneos;
				VALIDATE_PRODUCT = YES;
			};
			name = Release;
		};
		8344F144143DBC5D00AB1663 /* Debug */ = {
			isa = XCBuildConfiguration;
			buildSettings = {
				CODE_SIGN_IDENTITY = "iPhone Developer";
				"CODE_SIGN_IDENTITY[sdk=iphoneos*]" = "iPhone Developer: TODD STEINACKLE (ML3Q9G2FP8)";
				GCC_PRECOMPILE_PREFIX_HEADER = YES;
				GCC_PREFIX_HEADER = "ColourDetector/ColourDetector-Prefix.pch";
				INFOPLIST_FILE = "ColourDetector/ColourDetector-Info.plist";
				IPHONEOS_DEPLOYMENT_TARGET = 4.0;
				PRODUCT_NAME = "$(TARGET_NAME)";
				PROVISIONING_PROFILE = "";
				"PROVISIONING_PROFILE[sdk=iphoneos*]" = "110A7B5C-1D70-41F8-BDDE-80419693B8CF";
				WRAPPER_EXTENSION = app;
			};
			name = Debug;
		};
		8344F145143DBC5D00AB1663 /* Release */ = {
			isa = XCBuildConfiguration;
			buildSettings = {
				CODE_SIGN_IDENTITY = "iPhone Developer";
				"CODE_SIGN_IDENTITY[sdk=iphoneos*]" = "iPhone Developer: TODD STEINACKLE (ML3Q9G2FP8)";
				GCC_PRECOMPILE_PREFIX_HEADER = YES;
				GCC_PREFIX_HEADER = "ColourDetector/ColourDetector-Prefix.pch";
				INFOPLIST_FILE = "ColourDetector/ColourDetector-Info.plist";
				IPHONEOS_DEPLOYMENT_TARGET = 4.0;
				PRODUCT_NAME = "$(TARGET_NAME)";
				PROVISIONING_PROFILE = "";
				"PROVISIONING_PROFILE[sdk=iphoneos*]" = "110A7B5C-1D70-41F8-BDDE-80419693B8CF";
				WRAPPER_EXTENSION = app;
			};
			name = Release;
		};
/* End XCBuildConfiguration section */

/* Begin XCConfigurationList section */
		8344F11F143DBC5D00AB1663 /* Build configuration list for PBXProject "ColourDetector" */ = {
			isa = XCConfigurationList;
			buildConfigurations = (
				8344F141143DBC5D00AB1663 /* Debug */,
				8344F142143DBC5D00AB1663 /* Release */,
			);
			defaultConfigurationIsVisible = 0;
			defaultConfigurationName = Release;
		};
		8344F143143DBC5D00AB1663 /* Build configuration list for PBXNativeTarget "ColourDetector" */ = {
			isa = XCConfigurationList;
			buildConfigurations = (
				8344F144143DBC5D00AB1663 /* Debug */,
				8344F145143DBC5D00AB1663 /* Release */,
			);
			defaultConfigurationIsVisible = 0;
			defaultConfigurationName = Release;
		};
/* End XCConfigurationList section */
	};
	rootObject = 8344F11C143DBC5D00AB1663 /* Project object */;
}
