// !$*UTF8*$!
{
	archiveVersion = 1;
	classes = {
	};
	objectVersion = 46;
	objects = {

/* Begin PBXBuildFile section */
		8344F12A143DBC5D00AB1663 /* UIKit.framework in Frameworks */ = {isa = PBXBuildFile; fileRef = 8344F129143DBC5D00AB1663 /* UIKit.framework */; };
		8344F12C143DBC5D00AB1663 /* Foundation.framework in Frameworks */ = {isa = PBXBuildFile; fileRef = 8344F12B143DBC5D00AB1663 /* Foundation.framework */; };
		8344F12E143DBC5D00AB1663 /* CoreGraphics.framework in Frameworks */ = {isa = PBXBuildFile; fileRef = 8344F12D143DBC5D00AB1663 /* CoreGraphics.framework */; };
		8344F134143DBC5D00AB1663 /* InfoPlist.strings in Resources */ = {isa = PBXBuildFile; fileRef = 8344F132143DBC5D00AB1663 /* InfoPlist.strings */; };
		8344F136143DBC5D00AB1663 /* main.m in Sources */ = {isa = PBXBuildFile; fileRef = 8344F135143DBC5D00AB1663 /* main.m */; };
		8344F13A143DBC5D00AB1663 /* AppDelegate.m in Sources */ = {isa = PBXBuildFile; fileRef = 8344F139143DBC5D00AB1663 /* AppDelegate.m */; };
		8344F13D143DBC5D00AB1663 /* ViewController.m in Sources */ = {isa = PBXBuildFile; fileRef = 8344F13C143DBC5D00AB1663 /* ViewController.m */; };
		8344F140143DBC5D00AB1663 /* ViewController.xib in Resources */ = {isa = PBXBuildFile; fileRef = 8344F13E143DBC5D00AB1663 /* ViewController.xib */; };
		83C034AB143DC0D6008EE9C1 /* AVFoundation.framework in Frameworks */ = {isa = PBXBuildFile; fileRef = 83C034AA143DC0D6008EE9C1 /* AVFoundation.framework */; };
		83C034AE143DC0DE008EE9C1 /* CoreVideo.framework in Frameworks */ = {isa = PBXBuildFile; fileRef = 83C034AD143DC0DE008EE9C1 /* CoreVideo.framework */; };
		83C034B0143DC108008EE9C1 /* CoreMedia.framework in Frameworks */ = {isa = PBXBuildFile; fileRef = 83C034AF143DC108008EE9C1 /* CoreMedia.framework */; };
/* End PBXBuildFile section */

/* Begin PBXFileReference section */
		8344F125143DBC5D00AB1663 /* ColourDetector.app */ = {isa = PBXFileReference; explicitFileType = wrapper.application; includeInIndex = 0; path = ColourDetector.app; sourceTree = BUILT_PRODUCTS_DIR; };
		8344F129143DBC5D00AB1663 /* UIKit.framework */ = {isa = PBXFileReference; lastKnownFileType = wrapper.framework; name = UIKit.framework; path = System/Library/Frameworks/UIKit.framework; sourceTree = SDKROOT; };
		8344F12B143DBC5D00AB1663 /* Foundation.framework */ = {isa = PBXFileReference; lastKnownFileType = wrapper.framework; name = Foundation.framework; path = System/Library/Frameworks/Foundation.framework; sourceTree = SDKROOT; };
		8344F12D143DBC5D00AB1663 /* CoreGraphics.framework */ = {isa = PBXFileReference; lastKnownFileType = wrapper.framework; name = CoreGraphics.framework; path = System/Library/Frameworks/CoreGraphics.framework; sourceTree = SDKROOT; };
		8344F131143DBC5D00AB1663 /* ColourDetector-Info.plist */ = {isa = PBXFileReference; lastKnownFileType = text.plist.xml; path = "ColourDetector-Info.plist"; sourceTree = "<group>"; };
		8344F133143DBC5D00AB1663 /* en */ = {isa = PBXFileReference; lastKnownFileType = text.plist.strings; name = en; path = en.lproj/InfoPlist.strings; sourceTree = "<group>"; };
		8344F135143DBC5D00AB1663 /* main.m */ = {isa = PBXFileReference; lastKnownFileType = sourcecode.c.objc; path = main.m; sourceTree = "<group>"; };
		8344F137143DBC5D00AB1663 /* ColourDetector-Prefix.pch */ = {isa = PBXFileReference; lastKnownFileType = sourcecode.c.h; path = "ColourDetector-Prefix.pch"; sourceTree = "<group>"; };
		8344F138143DBC5D00AB1663 /* AppDelegate.h */ = {isa = PBXFileReference; lastKnownFileType = sourcecode.c.h; path = AppDelegate.h; sourceTree = "<group>"; };
		8344F139143DBC5D00AB1663 /* AppDelegate.m */ = {isa = PBXFileReference; lastKnownFileType = sourcecode.c.objc; path = AppDelegate.m; sourceTree = "<group>"; };
		8344F13B143DBC5D00AB1663 /* ViewController.h */ = {isa = PBXFileReference; lastKnownFileType = sourcecode.c.h; path = ViewController.h; sourceTree = "<group>"; };
		8344F13C143DBC5D00AB1663 /* ViewController.m */ = {isa = PBXFileReference; lastKnownFileType = sourcecode.c.objc; path = ViewController.m; sourceTree = "<group>"; };
		8344F13F143DBC5D00AB1663 /* en */ = {isa = PBXFileReference; lastKnownFileType = file.xib; name = en; path = en.lproj/ViewController.xib; sourceTree = "<group>"; };
		83C034AA143DC0D6008EE9C1 /* AVFoundation.framework */ = {isa = PBXFileReference; lastKnownFileType = wrapper.framework; name = AVFoundation.framework; path = System/Library/Frameworks/AVFoundation.framework; sourceTree = SDKROOT; };
		83C034AD143DC0DE008EE9C1 /* CoreVideo.framework */ = {isa = PBXFileReference; lastKnownFileType = wrapper.framework; name = CoreVideo.framework; path = System/Library/Frameworks/CoreVideo.framework; sourceTree = SDKROOT; };
		83C034AF143DC108008EE9C1 /* CoreMedia.framework */ = {isa = PBXFileReference; lastKnownFileType = wrapper.framework; name = CoreMedia.framework; path = System/Library/Frameworks/CoreMedia.framework; sourceTree = SDKROOT; };
/* End PBXFileReference section */

/* Begin PBXFrameworksBuildPhase section */
		8344F122143DBC5D00AB1663 /* Frameworks */ = {
			isa = PBXFrameworksBuildPhase;
			buildActionMask = 2147483647;
			files = (
				83C034B0143DC108008EE9C1 /* CoreMedia.framework in Frameworks */,
				83C034AE143DC0DE008EE9C1 /* CoreVideo.framework in Frameworks */,
				83C034AB143DC0D6008EE9C1 /* AVFoundation.framework in Frameworks */,
				8344F12A143DBC5D00AB1663 /* UIKit.framework in Frameworks */,
				8344F12C143DBC5D00AB1663 /* Foundation.framework in Frameworks */,
				8344F12E143DBC5D00AB1663 /* CoreGraphics.framework in Frameworks */,
			);
			runOnlyForDeploymentPostprocessing = 0;
		};
/* End PBXFrameworksBuildPhase section */

/* Begin PBXGroup section */
		8344F11A143DBC5D00AB1663 = {
			isa = PBXGroup;
			children = (
				8344F12F143DBC5D00AB1663 /* ColourDetector */,
				8344F128143DBC5D00AB1663 /* Frameworks */,
				8344F126143DBC5D00AB1663 /* Products */,
			);
			sourceTree = "<group>";
		};
		8344F126143DBC5D00AB1663 /* Products */ = {
			isa = PBXGroup;
			children = (
				8344F125143DBC5D00AB1663 /* ColourDetector.app */,
			);
			name = Products;
			sourceTree = "<group>";
		};
		8344F128143DBC5D00AB1663 /* Frameworks */ = {
			isa = PBXGroup;
			children = (
				83C034AF143DC108008EE9C1 /* CoreMedia.framework */,
				83C034AD143DC0DE008EE9C1 /* CoreVideo.framework */,
				83C034AA143DC0D6008EE9C1 /* AVFoundation.framework */,
				8344F129143DBC5D00AB1663 /* UIKit.framework */,
				8344F12B143DBC5D00AB1663 /* Foundation.framework */,
				8344F12D143DBC5D00AB1663 /* CoreGraphics.framework */,
			);
			name = Frameworks;
			sourceTree = "<group>";
		};
		8344F12F143DBC5D00AB1663 /* ColourDetector */ = {
			isa = PBXGroup;
			children = (
				8344F138143DBC5D00AB1663 /* AppDelegate.h */,
				8344F139143DBC5D00AB1663 /* AppDelegate.m */,
				8344F13B143DBC5D00AB1663 /* ViewController.h */,
				8344F13C143DBC5D00AB1663 /* ViewController.m */,
				8344F13E143DBC5D00AB1663 /* ViewController.xib */,
				8344F130143DBC5D00AB1663 /* Supporting Files */,
			);
			path = ColourDetector;
			sourceTree = "<group>";
		};
		8344F130143DBC5D00AB1663 /* Supporting Files */ = {
			isa = PBXGroup;
			children = (
				8344F131143DBC5D00AB1663 /* ColourDetector-Info.plist */,
				8344F132143DBC5D00AB1663 /* InfoPlist.strings */,
				8344F135143DBC5D00AB1663 /* main.m */,
				8344F137143DBC5D00AB1663 /* ColourDetector-Prefix.pch */,
			);
			name = "Supporting Files";
			sourceTree = "<group>";
		};
/* End PBXGroup section */

/* Begin PBXNativeTarget section */
		8344F124143DBC5D00AB1663 /* ColourDetector */ = {
			isa = PBXNativeTarget;
			buildConfigurationList = 8344F143143DBC5D00AB1663 /* Build configuration list for PBXNativeTarget "ColourDetector" */;
			buildPhases = (
				8344F121143DBC5D00AB1663 /* Sources */,
				8344F122143DBC5D00AB1663 /* Frameworks */,
				8344F123143DBC5D00AB1663 /* Resources */,
			);
			buildRules = (
			);
			dependencies = (
			);
			name = ColourDetector;
			productName = ColourDetector;
			productReference = 8344F125143DBC5D00AB1663 /* ColourDetector.app */;
			productType = "com.apple.product-type.application";
		};
/* End PBXNativeTarget section */

/* Begin PBXProject section */
		8344F11C143DBC5D00AB1663 /* Project object */ = {
			isa = PBXProject;
			attributes = {
				LastUpgradeCheck = 0420;
			};
			buildConfigurationList = 8344F11F143DBC5D00AB1663 /* Build configuration list for PBXProject "ColourDetector" */;
			compatibilityVersion = "Xcode 3.2";
			developmentRegion = English;
			hasScannedForEncodings = 0;
			knownRegions = (
				en,
			);
			mainGroup = 8344F11A143DBC5D00AB1663;
			productRefGroup = 8344F126143DBC5D00AB1663 /* Products */;
			projectDirPath = "";
			projectRoot = "";
			targets = (
				8344F124143DBC5D00AB1663 /* ColourDetector */,
			);
		};
/* End PBXProject section */

/* Begin PBXResourcesBuildPhase section */
		8344F123143DBC5D00AB1663 /* Resources */ = {
			isa = PBXResourcesBuildPhase;
			buildActionMask = 2147483647;
			files = (
				8344F134143DBC5D00AB1663 /* InfoPlist.strings in Resources */,
				8344F140143DBC5D00AB1663 /* ViewController.xib in Resources */,
			);
			runOnlyForDeploymentPostprocessing = 0;
		};
/* End PBXResourcesBuildPhase section */

/* Begin PBXSourcesBuildPhase section */
		8344F121143DBC5D00AB1663 /* Sources */ = {
			isa = PBXSourcesBuildPhase;
			buildActionMask = 2147483647;
			files = (
				8344F136143DBC5D00AB1663 /* main.m in Sources */,
				8344F13A143DBC5D00AB1663 /* AppDelegate.m in Sources */,
				8344F13D143DBC5D00AB1663 /* ViewController.m in Sources */,
			);
			runOnlyForDeploymentPostprocessing = 0;
		};
/* End PBXSourcesBuildPhase section */

/* Begin PBXVariantGroup section */
		8344F132143DBC5D00AB1663 /* InfoPlist.strings */ = {
			isa = PBXVariantGroup;
			children = (
				8344F133143DBC5D00AB1663 /* en */,
			);
			name = InfoPlist.strings;
			sourceTree = "<group>";
		};
		8344F13E143DBC5D00AB1663 /* ViewController.xib */ = {
			isa = PBXVariantGroup;
			children = (
				8344F13F143DBC5D00AB1663 /* en */,
			);
			name = ViewController.xib;
			sourceTree = "<group>";
		};
/* End PBXVariantGroup section */

/* Begin XCBuildConfiguration section */
		8344F141143DBC5D00AB1663 /* Debug */ = {
			isa = XCBuildConfiguration;
			buildSettings = {
				ALWAYS_SEARCH_USER_PATHS = NO;
				ARCHS = "$(ARCHS_STANDARD_32_BIT)";
				"CODE_SIGN_IDENTITY[sdk=iphoneos*]" = "iPhone Developer: Chris Greening (96C2A4DZW3)";
				COPY_PHASE_STRIP = NO;
				GCC_C_LANGUAGE_STANDARD = gnu99;
				GCC_DYNAMIC_NO_PIC = NO;
				GCC_OPTIMIZATION_LEVEL = 0;
				GCC_PREPROCESSOR_DEFINITIONS = (
					"DEBUG=1",
					"$(inherited)",
				);
				GCC_SYMBOLS_PRIVATE_EXTERN = NO;
				GCC_VERSION = com.apple.compilers.llvm.clang.1_0;
				GCC_WARN_ABOUT_MISSING_PROTOTYPES = YES;
				GCC_WARN_ABOUT_RETURN_TYPE = YES;
				GCC_WARN_UNUSED_VARIABLE = YES;
				IPHONEOS_DEPLOYMENT_TARGET = 5.0;
				"PROVISIONING_PROFILE[sdk=iphoneos*]" = "C8FBD419-AC1E-46E4-A75B-20A57F33F5DF";
				SDKROOT = iphoneos;
			};
			name = Debug;
		};
		8344F142143DBC5D00AB1663 /* Release */ = {
			isa = XCBuildConfiguration;
			buildSettings = {
				ALWAYS_SEARCH_USER_PATHS = NO;
				ARCHS = "$(ARCHS_STANDARD_32_BIT)";
				"CODE_SIGN_IDENTITY[sdk=iphoneos*]" = "iPhone Developer: Chris Greening (96C2A4DZW3)";
				COPY_PHASE_STRIP = YES;
				GCC_C_LANGUAGE_STANDARD = gnu99;
				GCC_VERSION = com.apple.compilers.llvm.clang.1_0;
				GCC_WARN_ABOUT_MISSING_PROTOTYPES = YES;
				GCC_WARN_ABOUT_RETURN_TYPE = YES;
				GCC_WARN_UNUSED_VARIABLE = YES;
				IPHONEOS_DEPLOYMENT_TARGET = 5.0;
				OTHER_CFLAGS = "-DNS_BLOCK_ASSERTIONS=1";
				"PROVISIONING_PROFILE[sdk=iphoneos*]" = "C8FBD419-AC1E-46E4-A75B-20A57F33F5DF";
				SDKROOT = iphoneos;
				VALIDATE_PRODUCT = YES;
			};
			name = Release;
		};
		8344F144143DBC5D00AB1663 /* Debug */ = {
			isa = XCBuildConfiguration;
			buildSettings = {
				CODE_SIGN_IDENTITY = "";
				"CODE_SIGN_IDENTITY[sdk=iphoneos*]" = "iPhone Developer: Chris Greening (96C2A4DZW3)";
				GCC_PRECOMPILE_PREFIX_HEADER = YES;
				GCC_PREFIX_HEADER = "ColourDetector/ColourDetector-Prefix.pch";
				INFOPLIST_FILE = "ColourDetector/ColourDetector-Info.plist";
				IPHONEOS_DEPLOYMENT_TARGET = 4.0;
				PRODUCT_NAME = "$(TARGET_NAME)";
				"PROVISIONING_PROFILE[sdk=iphoneos*]" = "C8FBD419-AC1E-46E4-A75B-20A57F33F5DF";
				WRAPPER_EXTENSION = app;
			};
			name = Debug;
		};
		8344F145143DBC5D00AB1663 /* Release */ = {
			isa = XCBuildConfiguration;
			buildSettings = {
				CODE_SIGN_IDENTITY = "";
				"CODE_SIGN_IDENTITY[sdk=iphoneos*]" = "iPhone Developer: Chris Greening (96C2A4DZW3)";
				GCC_PRECOMPILE_PREFIX_HEADER = YES;
				GCC_PREFIX_HEADER = "ColourDetector/ColourDetector-Prefix.pch";
				INFOPLIST_FILE = "ColourDetector/ColourDetector-Info.plist";
				IPHONEOS_DEPLOYMENT_TARGET = 4.0;
				PRODUCT_NAME = "$(TARGET_NAME)";
				"PROVISIONING_PROFILE[sdk=iphoneos*]" = "C8FBD419-AC1E-46E4-A75B-20A57F33F5DF";
				WRAPPER_EXTENSION = app;
			};
			name = Release;
		};
/* End XCBuildConfiguration section */

/* Begin XCConfigurationList section */
		8344F11F143DBC5D00AB1663 /* Build configuration list for PBXProject "ColourDetector" */ = {
			isa = XCConfigurationList;
			buildConfigurations = (
				8344F141143DBC5D00AB1663 /* Debug */,
				8344F142143DBC5D00AB1663 /* Release */,
			);
			defaultConfigurationIsVisible = 0;
			defaultConfigurationName = Release;
		};
		8344F143143DBC5D00AB1663 /* Build configuration list for PBXNativeTarget "ColourDetector" */ = {
			isa = XCConfigurationList;
			buildConfigurations = (
				8344F144143DBC5D00AB1663 /* Debug */,
				8344F145143DBC5D00AB1663 /* Release */,
			);
			defaultConfigurationIsVisible = 0;
			defaultConfigurationName = Release;
		};
/* End XCConfigurationList section */
	};
	rootObject = 8344F11C143DBC5D00AB1663 /* Project object */;
}
